{
  "requires": true,
  "lockfileVersion": 1,
  "dependencies": {
    "react-table": {
      "version": "7.5.1",
      "resolved": "https://registry.npmjs.org/react-table/-/react-table-7.5.1.tgz",
      "integrity": "sha512-rprrUElCqvj79lyY2XbUoYLzwA5Mm4CGS8ElQ8OyzocvmkvCcmunvvfbpIg9Jm9HnMBjVZcVyPFPZ1BFelIBKw=="
    }
  }
}
